
Microsoft Visual Studio Solution File, Format Version 12.00
# Visual Studio 14
VisualStudioVersion = 14.0.25420.1
MinimumVisualStudioVersion = 10.0.40219.1
Project("{FAE04EC0-301F-11D3-BF4B-00C04F79EFBC}") = "NsfxrLib", "NsfxrLib\NsfxrLib.csproj", "{E16BD60F-D5E4-45D0-BADE-FD42E65CC4FA}"
EndProject
Project("{FAE04EC0-301F-11D3-BF4B-00C04F79EFBC}") = "NsfxrMain", "NsfxrMain\NsfxrMain.csproj", "{A56E8E8D-5A44-499F-8718-1DBCB3EA60BC}"
EndProject
Global
	GlobalSection(SolutionConfigurationPlatforms) = preSolution
		Debug|Any CPU = Debug|Any CPU
		Release|Any CPU = Release|Any CPU
	EndGlobalSection
	GlobalSection(ProjectConfigurationPlatforms) = postSolution
		{E16BD60F-D5E4-45D0-BADE-FD42E65CC4FA}.Debug|Any CPU.ActiveCfg = Debug|Any CPU
		{E16BD60F-D5E4-45D0-BADE-FD42E65CC4FA}.Debug|Any CPU.Build.0 = Debug|Any CPU
		{E16BD60F-D5E4-45D0-BADE-FD42E65CC4FA}.Release|Any CPU.ActiveCfg = Release|Any CPU
		{E16BD60F-D5E4-45D0-BADE-FD42E65CC4FA}.Release|Any CPU.Build.0 = Release|Any CPU
		{A56E8E8D-5A44-499F-8718-1DBCB3EA60BC}.Debug|Any CPU.ActiveCfg = Debug|Any CPU
		{A56E8E8D-5A44-499F-8718-1DBCB3EA60BC}.Debug|Any CPU.Build.0 = Debug|Any CPU
		{A56E8E8D-5A44-499F-8718-1DBCB3EA60BC}.Release|Any CPU.ActiveCfg = Release|Any CPU
		{A56E8E8D-5A44-499F-8718-1DBCB3EA60BC}.Release|Any CPU.Build.0 = Release|Any CPU
	EndGlobalSection
	GlobalSection(SolutionProperties) = preSolution
		HideSolutionNode = FALSE
	EndGlobalSection
EndGlobal
